
Microsoft Visual Studio Solution File, Format Version 10.00
# Visual Studio 2008
Project("{8BC9CEB8-8B4A-11D0-8D11-00A0C91BC942}") = "SslCat", "SslCat.vcproj", "{560D9777-BD32-4790-ABA8-7513283B21DA}"
EndProject
Global
	GlobalSection(SolutionConfigurationPlatforms) = preSolution
		Debug|Win32 = Debug|Win32
		Release|Win32 = Release|Win32
	EndGlobalSection
	GlobalSection(ProjectConfigurationPlatforms) = postSolution
		{560D9777-BD32-4790-ABA8-7513283B21DA}.Debug|Win32.ActiveCfg = Debug|Win32
		{560D9777-BD32-4790-ABA8-7513283B21DA}.Debug|Win32.Build.0 = Debug|Win32
		{560D9777-BD32-4790-ABA8-7513283B21DA}.Release|Win32.ActiveCfg = Release|Win32
		{560D9777-BD32-4790-ABA8-7513283B21DA}.Release|Win32.Build.0 = Release|Win32
	EndGlobalSection
	GlobalSection(SolutionProperties) = preSolution
		HideSolutionNode = FALSE
	EndGlobalSection
EndGlobal
